Microsoft Visual Studio Solution File, Format Version 12.00
# Visual Studio Version 17
VisualStudioVersion = 17.5.2.0
MinimumVisualStudioVersion = 10.0.40219.1
Project("{FAE04EC0-301F-11D3-BF4B-00C04F79EFBC}") = "internApp", "internApp\internApp.csproj", "{91C3672F-AABA-8314-D7B2-7FB61215ACC8}"
EndProject
Global
	GlobalSection(SolutionConfigurationPlatforms) = preSolution
		Debug|Any CPU = Debug|Any CPU
		Release|Any CPU = Release|Any CPU
	EndGlobalSection
	GlobalSection(ProjectConfigurationPlatforms) = postSolution
		{91C3672F-AABA-8314-D7B2-7FB61215ACC8}.Debug|Any CPU.ActiveCfg = Debug|Any CPU
		{91C3672F-AABA-8314-D7B2-7FB61215ACC8}.Debug|Any CPU.Build.0 = Debug|Any CPU
		{91C3672F-AABA-8314-D7B2-7FB61215ACC8}.Release|Any CPU.ActiveCfg = Release|Any CPU
		{91C3672F-AABA-8314-D7B2-7FB61215ACC8}.Release|Any CPU.Build.0 = Release|Any CPU
	EndGlobalSection
	GlobalSection(SolutionProperties) = preSolution
		HideSolutionNode = FALSE
	EndGlobalSection
	GlobalSection(ExtensibilityGlobals) = postSolution
		SolutionGuid = {C145B506-BD14-4D31-8C29-592762CD3930}
	EndGlobalSection
EndGlobal
