
Microsoft Visual Studio Solution File, Format Version 12.00
# Visual Studio Version 17
VisualStudioVersion = 17.0.31903.59
MinimumVisualStudioVersion = 10.0.40219.1
Project("{FAE04EC0-301F-11D3-BF4B-00C04F79EFBC}") = "IEnumberable Demo", "IEnumberable Demo\IEnumberable Demo.csproj", "{55BC578C-5B22-4267-B33D-4CE429DF93E7}"
EndProject
Project("{FAE04EC0-301F-11D3-BF4B-00C04F79EFBC}") = "IDictionary Demo", "IDictionary Demo\IDictionary Demo.csproj", "{455EAC5B-9C4F-40E5-B28F-9822CB0CB83E}"
EndProject
Global
	GlobalSection(SolutionConfigurationPlatforms) = preSolution
		Debug|Any CPU = Debug|Any CPU
		Release|Any CPU = Release|Any CPU
	EndGlobalSection
	GlobalSection(SolutionProperties) = preSolution
		HideSolutionNode = FALSE
	EndGlobalSection
	GlobalSection(ProjectConfigurationPlatforms) = postSolution
		{97477046-B107-412E-A1BB-44B0DD40E17E}.Debug|Any CPU.ActiveCfg = Debug|Any CPU
		{97477046-B107-412E-A1BB-44B0DD40E17E}.Debug|Any CPU.Build.0 = Debug|Any CPU
		{97477046-B107-412E-A1BB-44B0DD40E17E}.Release|Any CPU.ActiveCfg = Release|Any CPU
		{97477046-B107-412E-A1BB-44B0DD40E17E}.Release|Any CPU.Build.0 = Release|Any CPU
		{55BC578C-5B22-4267-B33D-4CE429DF93E7}.Debug|Any CPU.ActiveCfg = Debug|Any CPU
		{55BC578C-5B22-4267-B33D-4CE429DF93E7}.Debug|Any CPU.Build.0 = Debug|Any CPU
		{55BC578C-5B22-4267-B33D-4CE429DF93E7}.Release|Any CPU.ActiveCfg = Release|Any CPU
		{55BC578C-5B22-4267-B33D-4CE429DF93E7}.Release|Any CPU.Build.0 = Release|Any CPU
		{455EAC5B-9C4F-40E5-B28F-9822CB0CB83E}.Debug|Any CPU.ActiveCfg = Debug|Any CPU
		{455EAC5B-9C4F-40E5-B28F-9822CB0CB83E}.Debug|Any CPU.Build.0 = Debug|Any CPU
		{455EAC5B-9C4F-40E5-B28F-9822CB0CB83E}.Release|Any CPU.ActiveCfg = Release|Any CPU
		{455EAC5B-9C4F-40E5-B28F-9822CB0CB83E}.Release|Any CPU.Build.0 = Release|Any CPU
	EndGlobalSection
EndGlobal
