
Microsoft Visual Studio Solution File, Format Version 12.00
# Visual Studio Version 17
VisualStudioVersion = 17.0.31903.59
MinimumVisualStudioVersion = 10.0.40219.1
Project("{FAE04EC0-301F-11D3-BF4B-00C04F79EFBC}") = "example", "example\example.csproj", "{A97E4278-E726-464D-842B-05943F791549}"
EndProject
Project("{FAE04EC0-301F-11D3-BF4B-00C04F79EFBC}") = "example1", "example1\example1.csproj", "{F59599D7-4559-453A-8C80-4B306BDB8FCE}"
EndProject
Project("{FAE04EC0-301F-11D3-BF4B-00C04F79EFBC}") = "example2", "example2\example2.csproj", "{D9D87458-903E-4B2D-9B0C-E5163C73B0CC}"
EndProject
Project("{FAE04EC0-301F-11D3-BF4B-00C04F79EFBC}") = "example3", "example3\example3.csproj", "{029CD081-1583-4D2F-BAAC-78F22EDCD8EF}"
EndProject
Project("{FAE04EC0-301F-11D3-BF4B-00C04F79EFBC}") = "example4", "example4\example4.csproj", "{DA31ED97-0835-42DB-BD9D-040D6FB5F8BE}"
EndProject
Project("{FAE04EC0-301F-11D3-BF4B-00C04F79EFBC}") = "example5", "example5\example5.csproj", "{DEC887AF-6F15-4D1C-8E66-7C99CB95E8DF}"
EndProject
Project("{FAE04EC0-301F-11D3-BF4B-00C04F79EFBC}") = "example6", "example6\example6.csproj", "{3A5FA099-2FC7-4977-8F8B-B23A1523CABE}"
EndProject
Project("{FAE04EC0-301F-11D3-BF4B-00C04F79EFBC}") = "example7", "example7\example7.csproj", "{20EB0394-9B95-4643-B77D-C12272E644D5}"
EndProject
Project("{FAE04EC0-301F-11D3-BF4B-00C04F79EFBC}") = "example8", "example8\example8.csproj", "{728A0E76-06A8-46CC-9425-D911129CDAE9}"
EndProject
Project("{FAE04EC0-301F-11D3-BF4B-00C04F79EFBC}") = "example9", "example9\example9.csproj", "{58B71AC7-7DD1-49C7-9779-099D0D503EF8}"
EndProject
Project("{FAE04EC0-301F-11D3-BF4B-00C04F79EFBC}") = "example10", "example10\example10.csproj", "{442DD172-E305-435A-98D4-044D2A89A287}"
EndProject
Project("{FAE04EC0-301F-11D3-BF4B-00C04F79EFBC}") = "example11", "example11\example11.csproj", "{8DB39072-0DC5-40B1-97A5-18D0B32509B3}"
EndProject
Project("{FAE04EC0-301F-11D3-BF4B-00C04F79EFBC}") = "ConsoleApp1", "ConsoleApp1\ConsoleApp1.csproj", "{AD5F6832-DBCF-420B-9E7E-2B6A870B46CC}"
EndProject
Project("{FAE04EC0-301F-11D3-BF4B-00C04F79EFBC}") = "example12", "example12\example12.csproj", "{9E0BB214-1FBF-44E5-8555-813054C7FCB4}"
EndProject
Project("{FAE04EC0-301F-11D3-BF4B-00C04F79EFBC}") = "Encapsulation", "Encapsulation\Encapsulation.csproj", "{093D9654-78CE-470F-AE4C-8D7053F4E7E2}"
EndProject
Project("{FAE04EC0-301F-11D3-BF4B-00C04F79EFBC}") = "example13", "example13\example13.csproj", "{EAE40CA0-669C-4AEF-81CB-BF3DB88C3F97}"
EndProject
Project("{FAE04EC0-301F-11D3-BF4B-00C04F79EFBC}") = "swap", "swap\swap.csproj", "{D237564B-D5ED-424A-BDA4-2430EED97129}"
EndProject
Project("{FAE04EC0-301F-11D3-BF4B-00C04F79EFBC}") = "anagram", "anagram\anagram.csproj", "{5C750BB2-CB9D-454E-92BD-21E1E641C447}"
EndProject
Project("{FAE04EC0-301F-11D3-BF4B-00C04F79EFBC}") = "Librarymanagement", "Librarymanagement\Librarymanagement.csproj", "{A64BE968-45AB-4A1E-A435-EFAB47B9B4CC}"
EndProject
Project("{FAE04EC0-301F-11D3-BF4B-00C04F79EFBC}") = "Employeesalary", "Employeesalary\Employeesalary.csproj", "{72F65435-183D-4670-9046-A47A7676C98E}"
EndProject
Project("{FAE04EC0-301F-11D3-BF4B-00C04F79EFBC}") = "Getarea", "Getarea\Getarea.csproj", "{A63136FC-3926-4B93-89DF-07FB690F51B6}"
EndProject
Project("{FAE04EC0-301F-11D3-BF4B-00C04F79EFBC}") = "Jaggedarray", "Jaggedarray\Jaggedarray.csproj", "{B9EBBBE0-5013-46A1-86B5-56811625CB65}"
EndProject
Project("{FAE04EC0-301F-11D3-BF4B-00C04F79EFBC}") = "Hybirdinheritance", "Hybirdinheritance\Hybirdinheritance.csproj", "{997BD8AD-DE13-4871-8AF3-BC54AD592963}"
EndProject
Project("{FAE04EC0-301F-11D3-BF4B-00C04F79EFBC}") = "Abstraction", "Abstraction\Abstraction.csproj", "{52181084-7953-4C6C-B3DD-0D93F28135CB}"
EndProject
Project("{FAE04EC0-301F-11D3-BF4B-00C04F79EFBC}") = "Abstract", "Abstract\Abstract.csproj", "{EBEB55FC-3788-41DB-9AF3-B74A175A6DAB}"
EndProject
Project("{FAE04EC0-301F-11D3-BF4B-00C04F79EFBC}") = "Interface", "Interface\Interface.csproj", "{6A8D3B87-5716-4DBC-A85B-32A9B93357B1}"
EndProject
Project("{FAE04EC0-301F-11D3-BF4B-00C04F79EFBC}") = "Exception", "Exception\Exception.csproj", "{31F592FA-26F8-4505-99E7-BCB847F0BBFA}"
EndProject
Project("{FAE04EC0-301F-11D3-BF4B-00C04F79EFBC}") = "Delegates", "Delegates\Delegates.csproj", "{BD611E0C-B638-4B48-BE06-43739D10BD29}"
EndProject
Project("{FAE04EC0-301F-11D3-BF4B-00C04F79EFBC}") = "Delegateex", "Delegateex\Delegateex.csproj", "{FC0D71A3-C8BB-4F55-9E89-D45D3677C35F}"
EndProject
Project("{FAE04EC0-301F-11D3-BF4B-00C04F79EFBC}") = "Enumeration", "Enumeration\Enumeration.csproj", "{B2765613-8D74-4100-8D4F-9E40849DC23B}"
EndProject
Project("{FAE04EC0-301F-11D3-BF4B-00C04F79EFBC}") = "Anonymous", "Anonymous\Anonymous.csproj", "{3FA50F52-AA57-4BD9-BE4A-B9FCF20856FA}"
EndProject
Project("{FAE04EC0-301F-11D3-BF4B-00C04F79EFBC}") = "Generic", "Generic\Generic.csproj", "{3A9E8237-7DF3-4C28-A52A-DA736C41B9A3}"
EndProject
Project("{FAE04EC0-301F-11D3-BF4B-00C04F79EFBC}") = "generic1", "generic1\generic1.csproj", "{F15CACD3-23C0-4594-9474-1D33362E94AE}"
EndProject
Project("{FAE04EC0-301F-11D3-BF4B-00C04F79EFBC}") = "Lambda", "Lambda\Lambda.csproj", "{B925F416-4C1C-47EB-878B-5EF65651D574}"
EndProject
Project("{FAE04EC0-301F-11D3-BF4B-00C04F79EFBC}") = "Multithreading", "Multithreading\Multithreading.csproj", "{A75B0B93-1DE9-4006-B5C2-71875CBF0356}"
EndProject
Global
	GlobalSection(SolutionConfigurationPlatforms) = preSolution
		Debug|Any CPU = Debug|Any CPU
		Release|Any CPU = Release|Any CPU
	EndGlobalSection
	GlobalSection(SolutionProperties) = preSolution
		HideSolutionNode = FALSE
	EndGlobalSection
	GlobalSection(ProjectConfigurationPlatforms) = postSolution
		{A97E4278-E726-464D-842B-05943F791549}.Debug|Any CPU.ActiveCfg = Debug|Any CPU
		{A97E4278-E726-464D-842B-05943F791549}.Debug|Any CPU.Build.0 = Debug|Any CPU
		{A97E4278-E726-464D-842B-05943F791549}.Release|Any CPU.ActiveCfg = Release|Any CPU
		{A97E4278-E726-464D-842B-05943F791549}.Release|Any CPU.Build.0 = Release|Any CPU
		{F59599D7-4559-453A-8C80-4B306BDB8FCE}.Debug|Any CPU.ActiveCfg = Debug|Any CPU
		{F59599D7-4559-453A-8C80-4B306BDB8FCE}.Debug|Any CPU.Build.0 = Debug|Any CPU
		{F59599D7-4559-453A-8C80-4B306BDB8FCE}.Release|Any CPU.ActiveCfg = Release|Any CPU
		{F59599D7-4559-453A-8C80-4B306BDB8FCE}.Release|Any CPU.Build.0 = Release|Any CPU
		{D9D87458-903E-4B2D-9B0C-E5163C73B0CC}.Debug|Any CPU.ActiveCfg = Debug|Any CPU
		{D9D87458-903E-4B2D-9B0C-E5163C73B0CC}.Debug|Any CPU.Build.0 = Debug|Any CPU
		{D9D87458-903E-4B2D-9B0C-E5163C73B0CC}.Release|Any CPU.ActiveCfg = Release|Any CPU
		{D9D87458-903E-4B2D-9B0C-E5163C73B0CC}.Release|Any CPU.Build.0 = Release|Any CPU
		{029CD081-1583-4D2F-BAAC-78F22EDCD8EF}.Debug|Any CPU.ActiveCfg = Debug|Any CPU
		{029CD081-1583-4D2F-BAAC-78F22EDCD8EF}.Debug|Any CPU.Build.0 = Debug|Any CPU
		{029CD081-1583-4D2F-BAAC-78F22EDCD8EF}.Release|Any CPU.ActiveCfg = Release|Any CPU
		{029CD081-1583-4D2F-BAAC-78F22EDCD8EF}.Release|Any CPU.Build.0 = Release|Any CPU
		{DA31ED97-0835-42DB-BD9D-040D6FB5F8BE}.Debug|Any CPU.ActiveCfg = Debug|Any CPU
		{DA31ED97-0835-42DB-BD9D-040D6FB5F8BE}.Debug|Any CPU.Build.0 = Debug|Any CPU
		{DA31ED97-0835-42DB-BD9D-040D6FB5F8BE}.Release|Any CPU.ActiveCfg = Release|Any CPU
		{DA31ED97-0835-42DB-BD9D-040D6FB5F8BE}.Release|Any CPU.Build.0 = Release|Any CPU
		{DEC887AF-6F15-4D1C-8E66-7C99CB95E8DF}.Debug|Any CPU.ActiveCfg = Debug|Any CPU
		{DEC887AF-6F15-4D1C-8E66-7C99CB95E8DF}.Debug|Any CPU.Build.0 = Debug|Any CPU
		{DEC887AF-6F15-4D1C-8E66-7C99CB95E8DF}.Release|Any CPU.ActiveCfg = Release|Any CPU
		{DEC887AF-6F15-4D1C-8E66-7C99CB95E8DF}.Release|Any CPU.Build.0 = Release|Any CPU
		{3A5FA099-2FC7-4977-8F8B-B23A1523CABE}.Debug|Any CPU.ActiveCfg = Debug|Any CPU
		{3A5FA099-2FC7-4977-8F8B-B23A1523CABE}.Debug|Any CPU.Build.0 = Debug|Any CPU
		{3A5FA099-2FC7-4977-8F8B-B23A1523CABE}.Release|Any CPU.ActiveCfg = Release|Any CPU
		{3A5FA099-2FC7-4977-8F8B-B23A1523CABE}.Release|Any CPU.Build.0 = Release|Any CPU
		{20EB0394-9B95-4643-B77D-C12272E644D5}.Debug|Any CPU.ActiveCfg = Debug|Any CPU
		{20EB0394-9B95-4643-B77D-C12272E644D5}.Debug|Any CPU.Build.0 = Debug|Any CPU
		{20EB0394-9B95-4643-B77D-C12272E644D5}.Release|Any CPU.ActiveCfg = Release|Any CPU
		{20EB0394-9B95-4643-B77D-C12272E644D5}.Release|Any CPU.Build.0 = Release|Any CPU
		{728A0E76-06A8-46CC-9425-D911129CDAE9}.Debug|Any CPU.ActiveCfg = Debug|Any CPU
		{728A0E76-06A8-46CC-9425-D911129CDAE9}.Debug|Any CPU.Build.0 = Debug|Any CPU
		{728A0E76-06A8-46CC-9425-D911129CDAE9}.Release|Any CPU.ActiveCfg = Release|Any CPU
		{728A0E76-06A8-46CC-9425-D911129CDAE9}.Release|Any CPU.Build.0 = Release|Any CPU
		{58B71AC7-7DD1-49C7-9779-099D0D503EF8}.Debug|Any CPU.ActiveCfg = Debug|Any CPU
		{58B71AC7-7DD1-49C7-9779-099D0D503EF8}.Debug|Any CPU.Build.0 = Debug|Any CPU
		{58B71AC7-7DD1-49C7-9779-099D0D503EF8}.Release|Any CPU.ActiveCfg = Release|Any CPU
		{58B71AC7-7DD1-49C7-9779-099D0D503EF8}.Release|Any CPU.Build.0 = Release|Any CPU
		{442DD172-E305-435A-98D4-044D2A89A287}.Debug|Any CPU.ActiveCfg = Debug|Any CPU
		{442DD172-E305-435A-98D4-044D2A89A287}.Debug|Any CPU.Build.0 = Debug|Any CPU
		{442DD172-E305-435A-98D4-044D2A89A287}.Release|Any CPU.ActiveCfg = Release|Any CPU
		{442DD172-E305-435A-98D4-044D2A89A287}.Release|Any CPU.Build.0 = Release|Any CPU
		{8DB39072-0DC5-40B1-97A5-18D0B32509B3}.Debug|Any CPU.ActiveCfg = Debug|Any CPU
		{8DB39072-0DC5-40B1-97A5-18D0B32509B3}.Debug|Any CPU.Build.0 = Debug|Any CPU
		{8DB39072-0DC5-40B1-97A5-18D0B32509B3}.Release|Any CPU.ActiveCfg = Release|Any CPU
		{8DB39072-0DC5-40B1-97A5-18D0B32509B3}.Release|Any CPU.Build.0 = Release|Any CPU
		{AD5F6832-DBCF-420B-9E7E-2B6A870B46CC}.Debug|Any CPU.ActiveCfg = Debug|Any CPU
		{AD5F6832-DBCF-420B-9E7E-2B6A870B46CC}.Debug|Any CPU.Build.0 = Debug|Any CPU
		{AD5F6832-DBCF-420B-9E7E-2B6A870B46CC}.Release|Any CPU.ActiveCfg = Release|Any CPU
		{AD5F6832-DBCF-420B-9E7E-2B6A870B46CC}.Release|Any CPU.Build.0 = Release|Any CPU
		{9E0BB214-1FBF-44E5-8555-813054C7FCB4}.Debug|Any CPU.ActiveCfg = Debug|Any CPU
		{9E0BB214-1FBF-44E5-8555-813054C7FCB4}.Debug|Any CPU.Build.0 = Debug|Any CPU
		{9E0BB214-1FBF-44E5-8555-813054C7FCB4}.Release|Any CPU.ActiveCfg = Release|Any CPU
		{9E0BB214-1FBF-44E5-8555-813054C7FCB4}.Release|Any CPU.Build.0 = Release|Any CPU
		{093D9654-78CE-470F-AE4C-8D7053F4E7E2}.Debug|Any CPU.ActiveCfg = Debug|Any CPU
		{093D9654-78CE-470F-AE4C-8D7053F4E7E2}.Debug|Any CPU.Build.0 = Debug|Any CPU
		{093D9654-78CE-470F-AE4C-8D7053F4E7E2}.Release|Any CPU.ActiveCfg = Release|Any CPU
		{093D9654-78CE-470F-AE4C-8D7053F4E7E2}.Release|Any CPU.Build.0 = Release|Any CPU
		{EAE40CA0-669C-4AEF-81CB-BF3DB88C3F97}.Debug|Any CPU.ActiveCfg = Debug|Any CPU
		{EAE40CA0-669C-4AEF-81CB-BF3DB88C3F97}.Debug|Any CPU.Build.0 = Debug|Any CPU
		{EAE40CA0-669C-4AEF-81CB-BF3DB88C3F97}.Release|Any CPU.ActiveCfg = Release|Any CPU
		{EAE40CA0-669C-4AEF-81CB-BF3DB88C3F97}.Release|Any CPU.Build.0 = Release|Any CPU
		{D237564B-D5ED-424A-BDA4-2430EED97129}.Debug|Any CPU.ActiveCfg = Debug|Any CPU
		{D237564B-D5ED-424A-BDA4-2430EED97129}.Debug|Any CPU.Build.0 = Debug|Any CPU
		{D237564B-D5ED-424A-BDA4-2430EED97129}.Release|Any CPU.ActiveCfg = Release|Any CPU
		{D237564B-D5ED-424A-BDA4-2430EED97129}.Release|Any CPU.Build.0 = Release|Any CPU
		{5C750BB2-CB9D-454E-92BD-21E1E641C447}.Debug|Any CPU.ActiveCfg = Debug|Any CPU
		{5C750BB2-CB9D-454E-92BD-21E1E641C447}.Debug|Any CPU.Build.0 = Debug|Any CPU
		{5C750BB2-CB9D-454E-92BD-21E1E641C447}.Release|Any CPU.ActiveCfg = Release|Any CPU
		{5C750BB2-CB9D-454E-92BD-21E1E641C447}.Release|Any CPU.Build.0 = Release|Any CPU
		{A64BE968-45AB-4A1E-A435-EFAB47B9B4CC}.Debug|Any CPU.ActiveCfg = Debug|Any CPU
		{A64BE968-45AB-4A1E-A435-EFAB47B9B4CC}.Debug|Any CPU.Build.0 = Debug|Any CPU
		{A64BE968-45AB-4A1E-A435-EFAB47B9B4CC}.Release|Any CPU.ActiveCfg = Release|Any CPU
		{A64BE968-45AB-4A1E-A435-EFAB47B9B4CC}.Release|Any CPU.Build.0 = Release|Any CPU
		{72F65435-183D-4670-9046-A47A7676C98E}.Debug|Any CPU.ActiveCfg = Debug|Any CPU
		{72F65435-183D-4670-9046-A47A7676C98E}.Debug|Any CPU.Build.0 = Debug|Any CPU
		{72F65435-183D-4670-9046-A47A7676C98E}.Release|Any CPU.ActiveCfg = Release|Any CPU
		{72F65435-183D-4670-9046-A47A7676C98E}.Release|Any CPU.Build.0 = Release|Any CPU
		{A63136FC-3926-4B93-89DF-07FB690F51B6}.Debug|Any CPU.ActiveCfg = Debug|Any CPU
		{A63136FC-3926-4B93-89DF-07FB690F51B6}.Debug|Any CPU.Build.0 = Debug|Any CPU
		{A63136FC-3926-4B93-89DF-07FB690F51B6}.Release|Any CPU.ActiveCfg = Release|Any CPU
		{A63136FC-3926-4B93-89DF-07FB690F51B6}.Release|Any CPU.Build.0 = Release|Any CPU
		{B9EBBBE0-5013-46A1-86B5-56811625CB65}.Debug|Any CPU.ActiveCfg = Debug|Any CPU
		{B9EBBBE0-5013-46A1-86B5-56811625CB65}.Debug|Any CPU.Build.0 = Debug|Any CPU
		{B9EBBBE0-5013-46A1-86B5-56811625CB65}.Release|Any CPU.ActiveCfg = Release|Any CPU
		{B9EBBBE0-5013-46A1-86B5-56811625CB65}.Release|Any CPU.Build.0 = Release|Any CPU
		{997BD8AD-DE13-4871-8AF3-BC54AD592963}.Debug|Any CPU.ActiveCfg = Debug|Any CPU
		{997BD8AD-DE13-4871-8AF3-BC54AD592963}.Debug|Any CPU.Build.0 = Debug|Any CPU
		{997BD8AD-DE13-4871-8AF3-BC54AD592963}.Release|Any CPU.ActiveCfg = Release|Any CPU
		{997BD8AD-DE13-4871-8AF3-BC54AD592963}.Release|Any CPU.Build.0 = Release|Any CPU
		{52181084-7953-4C6C-B3DD-0D93F28135CB}.Debug|Any CPU.ActiveCfg = Debug|Any CPU
		{52181084-7953-4C6C-B3DD-0D93F28135CB}.Debug|Any CPU.Build.0 = Debug|Any CPU
		{52181084-7953-4C6C-B3DD-0D93F28135CB}.Release|Any CPU.ActiveCfg = Release|Any CPU
		{52181084-7953-4C6C-B3DD-0D93F28135CB}.Release|Any CPU.Build.0 = Release|Any CPU
		{EBEB55FC-3788-41DB-9AF3-B74A175A6DAB}.Debug|Any CPU.ActiveCfg = Debug|Any CPU
		{EBEB55FC-3788-41DB-9AF3-B74A175A6DAB}.Debug|Any CPU.Build.0 = Debug|Any CPU
		{EBEB55FC-3788-41DB-9AF3-B74A175A6DAB}.Release|Any CPU.ActiveCfg = Release|Any CPU
		{EBEB55FC-3788-41DB-9AF3-B74A175A6DAB}.Release|Any CPU.Build.0 = Release|Any CPU
		{6A8D3B87-5716-4DBC-A85B-32A9B93357B1}.Debug|Any CPU.ActiveCfg = Debug|Any CPU
		{6A8D3B87-5716-4DBC-A85B-32A9B93357B1}.Debug|Any CPU.Build.0 = Debug|Any CPU
		{6A8D3B87-5716-4DBC-A85B-32A9B93357B1}.Release|Any CPU.ActiveCfg = Release|Any CPU
		{6A8D3B87-5716-4DBC-A85B-32A9B93357B1}.Release|Any CPU.Build.0 = Release|Any CPU
		{31F592FA-26F8-4505-99E7-BCB847F0BBFA}.Debug|Any CPU.ActiveCfg = Debug|Any CPU
		{31F592FA-26F8-4505-99E7-BCB847F0BBFA}.Debug|Any CPU.Build.0 = Debug|Any CPU
		{31F592FA-26F8-4505-99E7-BCB847F0BBFA}.Release|Any CPU.ActiveCfg = Release|Any CPU
		{31F592FA-26F8-4505-99E7-BCB847F0BBFA}.Release|Any CPU.Build.0 = Release|Any CPU
		{BD611E0C-B638-4B48-BE06-43739D10BD29}.Debug|Any CPU.ActiveCfg = Debug|Any CPU
		{BD611E0C-B638-4B48-BE06-43739D10BD29}.Debug|Any CPU.Build.0 = Debug|Any CPU
		{BD611E0C-B638-4B48-BE06-43739D10BD29}.Release|Any CPU.ActiveCfg = Release|Any CPU
		{BD611E0C-B638-4B48-BE06-43739D10BD29}.Release|Any CPU.Build.0 = Release|Any CPU
		{FC0D71A3-C8BB-4F55-9E89-D45D3677C35F}.Debug|Any CPU.ActiveCfg = Debug|Any CPU
		{FC0D71A3-C8BB-4F55-9E89-D45D3677C35F}.Debug|Any CPU.Build.0 = Debug|Any CPU
		{FC0D71A3-C8BB-4F55-9E89-D45D3677C35F}.Release|Any CPU.ActiveCfg = Release|Any CPU
		{FC0D71A3-C8BB-4F55-9E89-D45D3677C35F}.Release|Any CPU.Build.0 = Release|Any CPU
		{B2765613-8D74-4100-8D4F-9E40849DC23B}.Debug|Any CPU.ActiveCfg = Debug|Any CPU
		{B2765613-8D74-4100-8D4F-9E40849DC23B}.Debug|Any CPU.Build.0 = Debug|Any CPU
		{B2765613-8D74-4100-8D4F-9E40849DC23B}.Release|Any CPU.ActiveCfg = Release|Any CPU
		{B2765613-8D74-4100-8D4F-9E40849DC23B}.Release|Any CPU.Build.0 = Release|Any CPU
		{3FA50F52-AA57-4BD9-BE4A-B9FCF20856FA}.Debug|Any CPU.ActiveCfg = Debug|Any CPU
		{3FA50F52-AA57-4BD9-BE4A-B9FCF20856FA}.Debug|Any CPU.Build.0 = Debug|Any CPU
		{3FA50F52-AA57-4BD9-BE4A-B9FCF20856FA}.Release|Any CPU.ActiveCfg = Release|Any CPU
		{3FA50F52-AA57-4BD9-BE4A-B9FCF20856FA}.Release|Any CPU.Build.0 = Release|Any CPU
		{3A9E8237-7DF3-4C28-A52A-DA736C41B9A3}.Debug|Any CPU.ActiveCfg = Debug|Any CPU
		{3A9E8237-7DF3-4C28-A52A-DA736C41B9A3}.Debug|Any CPU.Build.0 = Debug|Any CPU
		{3A9E8237-7DF3-4C28-A52A-DA736C41B9A3}.Release|Any CPU.ActiveCfg = Release|Any CPU
		{3A9E8237-7DF3-4C28-A52A-DA736C41B9A3}.Release|Any CPU.Build.0 = Release|Any CPU
		{F15CACD3-23C0-4594-9474-1D33362E94AE}.Debug|Any CPU.ActiveCfg = Debug|Any CPU
		{F15CACD3-23C0-4594-9474-1D33362E94AE}.Debug|Any CPU.Build.0 = Debug|Any CPU
		{F15CACD3-23C0-4594-9474-1D33362E94AE}.Release|Any CPU.ActiveCfg = Release|Any CPU
		{F15CACD3-23C0-4594-9474-1D33362E94AE}.Release|Any CPU.Build.0 = Release|Any CPU
		{B925F416-4C1C-47EB-878B-5EF65651D574}.Debug|Any CPU.ActiveCfg = Debug|Any CPU
		{B925F416-4C1C-47EB-878B-5EF65651D574}.Debug|Any CPU.Build.0 = Debug|Any CPU
		{B925F416-4C1C-47EB-878B-5EF65651D574}.Release|Any CPU.ActiveCfg = Release|Any CPU
		{B925F416-4C1C-47EB-878B-5EF65651D574}.Release|Any CPU.Build.0 = Release|Any CPU
		{A75B0B93-1DE9-4006-B5C2-71875CBF0356}.Debug|Any CPU.ActiveCfg = Debug|Any CPU
		{A75B0B93-1DE9-4006-B5C2-71875CBF0356}.Debug|Any CPU.Build.0 = Debug|Any CPU
		{A75B0B93-1DE9-4006-B5C2-71875CBF0356}.Release|Any CPU.ActiveCfg = Release|Any CPU
		{A75B0B93-1DE9-4006-B5C2-71875CBF0356}.Release|Any CPU.Build.0 = Release|Any CPU
	EndGlobalSection
EndGlobal
