Microsoft Visual Studio Solution File, Format Version 12.00
# Visual Studio Version 17
VisualStudioVersion = 17.5.2.0
MinimumVisualStudioVersion = 10.0.40219.1
Project("{FAE04EC0-301F-11D3-BF4B-00C04F79EFBC}") = "C_Sharp_Assessment", "C_Sharp_Assessment.csproj", "{DE82EAA2-F35C-6996-1A6C-28D92AE0FD71}"
EndProject
Global
	GlobalSection(SolutionConfigurationPlatforms) = preSolution
		Debug|Any CPU = Debug|Any CPU
		Release|Any CPU = Release|Any CPU
	EndGlobalSection
	GlobalSection(ProjectConfigurationPlatforms) = postSolution
		{DE82EAA2-F35C-6996-1A6C-28D92AE0FD71}.Debug|Any CPU.ActiveCfg = Debug|Any CPU
		{DE82EAA2-F35C-6996-1A6C-28D92AE0FD71}.Debug|Any CPU.Build.0 = Debug|Any CPU
		{DE82EAA2-F35C-6996-1A6C-28D92AE0FD71}.Release|Any CPU.ActiveCfg = Release|Any CPU
		{DE82EAA2-F35C-6996-1A6C-28D92AE0FD71}.Release|Any CPU.Build.0 = Release|Any CPU
	EndGlobalSection
	GlobalSection(SolutionProperties) = preSolution
		HideSolutionNode = FALSE
	EndGlobalSection
	GlobalSection(ExtensibilityGlobals) = postSolution
		SolutionGuid = {ABD6B9B1-2158-4F58-A88C-06F8ACF5C0A3}
	EndGlobalSection
EndGlobal
