
Microsoft Visual Studio Solution File, Format Version 12.00
# Visual Studio Version 17
VisualStudioVersion = 17.14.36221.1
MinimumVisualStudioVersion = 10.0.40219.1
Project("{FAE04EC0-301F-11D3-BF4B-00C04F79EFBC}") = "ShippingServices", "ShippingServices\ShippingServices.csproj", "{C1A88FFB-2B2A-43F4-8B7A-684FAF015097}"
EndProject
Global
	GlobalSection(SolutionConfigurationPlatforms) = preSolution
		Debug|Any CPU = Debug|Any CPU
		Release|Any CPU = Release|Any CPU
	EndGlobalSection
	GlobalSection(ProjectConfigurationPlatforms) = postSolution
		{C1A88FFB-2B2A-43F4-8B7A-684FAF015097}.Debug|Any CPU.ActiveCfg = Debug|Any CPU
		{C1A88FFB-2B2A-43F4-8B7A-684FAF015097}.Debug|Any CPU.Build.0 = Debug|Any CPU
		{C1A88FFB-2B2A-43F4-8B7A-684FAF015097}.Release|Any CPU.ActiveCfg = Release|Any CPU
		{C1A88FFB-2B2A-43F4-8B7A-684FAF015097}.Release|Any CPU.Build.0 = Release|Any CPU
	EndGlobalSection
	GlobalSection(SolutionProperties) = preSolution
		HideSolutionNode = FALSE
	EndGlobalSection
	GlobalSection(ExtensibilityGlobals) = postSolution
		SolutionGuid = {BB78CF3A-EFD0-4DAA-93FE-13BB9CAE9008}
	EndGlobalSection
EndGlobal
