
Microsoft Visual Studio Solution File, Format Version 12.00
# Visual Studio Version 17
VisualStudioVersion = 17.14.36221.1 d17.14
MinimumVisualStudioVersion = 10.0.40219.1
Project("{FAE04EC0-301F-11D3-BF4B-00C04F79EFBC}") = "ProductManager", "ProductManager\ProductManager.csproj", "{DE4E6543-47E4-414E-A9CB-B7AAAE6FA70F}"
EndProject
Global
	GlobalSection(SolutionConfigurationPlatforms) = preSolution
		Debug|Any CPU = Debug|Any CPU
		Release|Any CPU = Release|Any CPU
	EndGlobalSection
	GlobalSection(ProjectConfigurationPlatforms) = postSolution
		{DE4E6543-47E4-414E-A9CB-B7AAAE6FA70F}.Debug|Any CPU.ActiveCfg = Debug|Any CPU
		{DE4E6543-47E4-414E-A9CB-B7AAAE6FA70F}.Debug|Any CPU.Build.0 = Debug|Any CPU
		{DE4E6543-47E4-414E-A9CB-B7AAAE6FA70F}.Release|Any CPU.ActiveCfg = Release|Any CPU
		{DE4E6543-47E4-414E-A9CB-B7AAAE6FA70F}.Release|Any CPU.Build.0 = Release|Any CPU
	EndGlobalSection
	GlobalSection(SolutionProperties) = preSolution
		HideSolutionNode = FALSE
	EndGlobalSection
	GlobalSection(ExtensibilityGlobals) = postSolution
		SolutionGuid = {79E5A56E-12F0-4279-A6AE-C2EADD9050CD}
	EndGlobalSection
EndGlobal
