Microsoft Visual Studio Solution File, Format Version 12.00
# Visual Studio Version 17
VisualStudioVersion = 17.5.2.0
MinimumVisualStudioVersion = 10.0.40219.1
Project("{FAE04EC0-301F-11D3-BF4B-00C04F79EFBC}") = "HomeEnergyMonitoringSystem", "HomeEnergyMonitoringSystem.csproj", "{A39085FE-35FB-5635-6FF2-EC20A1A13E5B}"
EndProject
Global
	GlobalSection(SolutionConfigurationPlatforms) = preSolution
		Debug|Any CPU = Debug|Any CPU
		Release|Any CPU = Release|Any CPU
	EndGlobalSection
	GlobalSection(ProjectConfigurationPlatforms) = postSolution
		{A39085FE-35FB-5635-6FF2-EC20A1A13E5B}.Debug|Any CPU.ActiveCfg = Debug|Any CPU
		{A39085FE-35FB-5635-6FF2-EC20A1A13E5B}.Debug|Any CPU.Build.0 = Debug|Any CPU
		{A39085FE-35FB-5635-6FF2-EC20A1A13E5B}.Release|Any CPU.ActiveCfg = Release|Any CPU
		{A39085FE-35FB-5635-6FF2-EC20A1A13E5B}.Release|Any CPU.Build.0 = Release|Any CPU
	EndGlobalSection
	GlobalSection(SolutionProperties) = preSolution
		HideSolutionNode = FALSE
	EndGlobalSection
	GlobalSection(ExtensibilityGlobals) = postSolution
		SolutionGuid = {45D46248-2DFC-47E5-9E2B-2EFDEEF605A9}
	EndGlobalSection
EndGlobal
