
Microsoft Visual Studio Solution File, Format Version 12.00
# Visual Studio Version 17
VisualStudioVersion = 17.14.36221.1
MinimumVisualStudioVersion = 10.0.40219.1
Project("{FAE04EC0-301F-11D3-BF4B-00C04F79EFBC}") = "ShipmentManagementWebApi", "ShipmentManagementWebApi\ShipmentManagementWebApi.csproj", "{524C9C91-0233-482C-89F4-0E2ABA44A13F}"
EndProject
Project("{FAE04EC0-301F-11D3-BF4B-00C04F79EFBC}") = "AdminUserSeleniumTester", "AdminUserSeleniumTester\AdminUserSeleniumTester.csproj", "{E0076174-F69C-4000-8487-21F7665C44B7}"
EndProject
Project("{FAE04EC0-301F-11D3-BF4B-00C04F79EFBC}") = "UserRoleSeleniumTester", "UserRoleSeleniumTester\UserRoleSeleniumTester.csproj", "{307C1363-9CA8-462D-BB09-61993DF45249}"
EndProject
Project("{FAE04EC0-301F-11D3-BF4B-00C04F79EFBC}") = "RegisterAndLoginSeleniumTester", "RegisterAndLoginSeleniumTester\RegisterAndLoginSeleniumTester.csproj", "{01675968-144D-4D00-B06F-7C450075EFE5}"
EndProject
Global
	GlobalSection(SolutionConfigurationPlatforms) = preSolution
		Debug|Any CPU = Debug|Any CPU
		Release|Any CPU = Release|Any CPU
	EndGlobalSection
	GlobalSection(ProjectConfigurationPlatforms) = postSolution
		{524C9C91-0233-482C-89F4-0E2ABA44A13F}.Debug|Any CPU.ActiveCfg = Debug|Any CPU
		{524C9C91-0233-482C-89F4-0E2ABA44A13F}.Debug|Any CPU.Build.0 = Debug|Any CPU
		{524C9C91-0233-482C-89F4-0E2ABA44A13F}.Release|Any CPU.ActiveCfg = Release|Any CPU
		{524C9C91-0233-482C-89F4-0E2ABA44A13F}.Release|Any CPU.Build.0 = Release|Any CPU
		{E0076174-F69C-4000-8487-21F7665C44B7}.Debug|Any CPU.ActiveCfg = Debug|Any CPU
		{E0076174-F69C-4000-8487-21F7665C44B7}.Debug|Any CPU.Build.0 = Debug|Any CPU
		{E0076174-F69C-4000-8487-21F7665C44B7}.Release|Any CPU.ActiveCfg = Release|Any CPU
		{E0076174-F69C-4000-8487-21F7665C44B7}.Release|Any CPU.Build.0 = Release|Any CPU
		{307C1363-9CA8-462D-BB09-61993DF45249}.Debug|Any CPU.ActiveCfg = Debug|Any CPU
		{307C1363-9CA8-462D-BB09-61993DF45249}.Debug|Any CPU.Build.0 = Debug|Any CPU
		{307C1363-9CA8-462D-BB09-61993DF45249}.Release|Any CPU.ActiveCfg = Release|Any CPU
		{307C1363-9CA8-462D-BB09-61993DF45249}.Release|Any CPU.Build.0 = Release|Any CPU
		{01675968-144D-4D00-B06F-7C450075EFE5}.Debug|Any CPU.ActiveCfg = Debug|Any CPU
		{01675968-144D-4D00-B06F-7C450075EFE5}.Debug|Any CPU.Build.0 = Debug|Any CPU
		{01675968-144D-4D00-B06F-7C450075EFE5}.Release|Any CPU.ActiveCfg = Release|Any CPU
		{01675968-144D-4D00-B06F-7C450075EFE5}.Release|Any CPU.Build.0 = Release|Any CPU
	EndGlobalSection
	GlobalSection(SolutionProperties) = preSolution
		HideSolutionNode = FALSE
	EndGlobalSection
	GlobalSection(ExtensibilityGlobals) = postSolution
		SolutionGuid = {1EF52D02-8FA7-44AD-9BAE-FC39A621EFE8}
	EndGlobalSection
EndGlobal
