
Microsoft Visual Studio Solution File, Format Version 12.00
# Visual Studio Version 17
VisualStudioVersion = 17.0.31903.59
MinimumVisualStudioVersion = 10.0.40219.1
Project("{FAE04EC0-301F-11D3-BF4B-00C04F79EFBC}") = "Fundamentals", "Fundamentals\Fundamentals.csproj", "{742EFECB-7493-4933-AA87-2CF208ACF2BC}"
EndProject
Project("{FAE04EC0-301F-11D3-BF4B-00C04F79EFBC}") = "Types", "Types\Types.csproj", "{0EBBAA48-B41C-4609-88F7-A4441B081828}"
EndProject
Project("{FAE04EC0-301F-11D3-BF4B-00C04F79EFBC}") = "Shop", "Shop\Shop.csproj", "{A708EBD3-8E1E-42BA-AD43-936B85EF5E68}"
EndProject
Project("{FAE04EC0-301F-11D3-BF4B-00C04F79EFBC}") = "BankAccount", "BankAccount\BankAccount.csproj", "{AFB8DD64-4E86-42B4-8DA6-03457A0A9024}"
EndProject
Global
	GlobalSection(SolutionConfigurationPlatforms) = preSolution
		Debug|Any CPU = Debug|Any CPU
		Release|Any CPU = Release|Any CPU
	EndGlobalSection
	GlobalSection(SolutionProperties) = preSolution
		HideSolutionNode = FALSE
	EndGlobalSection
	GlobalSection(ProjectConfigurationPlatforms) = postSolution
		{742EFECB-7493-4933-AA87-2CF208ACF2BC}.Debug|Any CPU.ActiveCfg = Debug|Any CPU
		{742EFECB-7493-4933-AA87-2CF208ACF2BC}.Debug|Any CPU.Build.0 = Debug|Any CPU
		{742EFECB-7493-4933-AA87-2CF208ACF2BC}.Release|Any CPU.ActiveCfg = Release|Any CPU
		{742EFECB-7493-4933-AA87-2CF208ACF2BC}.Release|Any CPU.Build.0 = Release|Any CPU
		{0EBBAA48-B41C-4609-88F7-A4441B081828}.Debug|Any CPU.ActiveCfg = Debug|Any CPU
		{0EBBAA48-B41C-4609-88F7-A4441B081828}.Debug|Any CPU.Build.0 = Debug|Any CPU
		{0EBBAA48-B41C-4609-88F7-A4441B081828}.Release|Any CPU.ActiveCfg = Release|Any CPU
		{0EBBAA48-B41C-4609-88F7-A4441B081828}.Release|Any CPU.Build.0 = Release|Any CPU
		{A708EBD3-8E1E-42BA-AD43-936B85EF5E68}.Debug|Any CPU.ActiveCfg = Debug|Any CPU
		{A708EBD3-8E1E-42BA-AD43-936B85EF5E68}.Debug|Any CPU.Build.0 = Debug|Any CPU
		{A708EBD3-8E1E-42BA-AD43-936B85EF5E68}.Release|Any CPU.ActiveCfg = Release|Any CPU
		{A708EBD3-8E1E-42BA-AD43-936B85EF5E68}.Release|Any CPU.Build.0 = Release|Any CPU
		{AFB8DD64-4E86-42B4-8DA6-03457A0A9024}.Debug|Any CPU.ActiveCfg = Debug|Any CPU
		{AFB8DD64-4E86-42B4-8DA6-03457A0A9024}.Debug|Any CPU.Build.0 = Debug|Any CPU
		{AFB8DD64-4E86-42B4-8DA6-03457A0A9024}.Release|Any CPU.ActiveCfg = Release|Any CPU
		{AFB8DD64-4E86-42B4-8DA6-03457A0A9024}.Release|Any CPU.Build.0 = Release|Any CPU
	EndGlobalSection
EndGlobal
