
Microsoft Visual Studio Solution File, Format Version 12.00
# Visual Studio Version 17
VisualStudioVersion = 17.0.31903.59
MinimumVisualStudioVersion = 10.0.40219.1
Project("{FAE04EC0-301F-11D3-BF4B-00C04F79EFBC}") = "Fundamentals", "Fundamentals\Fundamentals.csproj", "{742EFECB-7493-4933-AA87-2CF208ACF2BC}"
EndProject
Project("{FAE04EC0-301F-11D3-BF4B-00C04F79EFBC}") = "Types", "Types\Types.csproj", "{0EBBAA48-B41C-4609-88F7-A4441B081828}"
EndProject
Project("{FAE04EC0-301F-11D3-BF4B-00C04F79EFBC}") = "Shop", "Shop\Shop.csproj", "{A708EBD3-8E1E-42BA-AD43-936B85EF5E68}"
EndProject
Project("{FAE04EC0-301F-11D3-BF4B-00C04F79EFBC}") = "BankAccount", "BankAccount\BankAccount.csproj", "{AFB8DD64-4E86-42B4-8DA6-03457A0A9024}"
EndProject
Project("{FAE04EC0-301F-11D3-BF4B-00C04F79EFBC}") = "RefSwap", "RefSwap\RefSwap.csproj", "{E4C87162-3E6D-400D-9794-DC8FC68E35B8}"
EndProject
Project("{FAE04EC0-301F-11D3-BF4B-00C04F79EFBC}") = "AnagramChecker", "AnagramChecker\AnagramChecker.csproj", "{9D20C56D-0107-4FF6-8D29-00C51A99D07C}"
EndProject
Project("{FAE04EC0-301F-11D3-BF4B-00C04F79EFBC}") = "StudentGrades", "StudentGrades\StudentGrades.csproj", "{175526DB-1C02-4F47-A045-F1C7DDE2FA40}"
EndProject
Project("{FAE04EC0-301F-11D3-BF4B-00C04F79EFBC}") = "Orders", "Orders\Orders.csproj", "{79FC996F-315A-4C04-93C7-74E8E0642C64}"
EndProject
Project("{FAE04EC0-301F-11D3-BF4B-00C04F79EFBC}") = "LibraryManager", "LibraryManager\LibraryManager.csproj", "{E41B1B59-DA96-4D23-B9CF-59E88F535DC5}"
EndProject
Project("{FAE04EC0-301F-11D3-BF4B-00C04F79EFBC}") = "Employee", "Employee\Employee.csproj", "{5575985E-76AC-4A7A-9D1F-C0B2D8580E2C}"
EndProject
Project("{FAE04EC0-301F-11D3-BF4B-00C04F79EFBC}") = "ShapeArea", "ShapeArea\ShapeArea.csproj", "{8E2E42ED-DE6F-4DA7-A621-AFBBCA8AC8AB}"
EndProject
Project("{FAE04EC0-301F-11D3-BF4B-00C04F79EFBC}") = "Abstraction", "Abstraction\Abstraction.csproj", "{FC2B93D0-5A38-42BD-9B12-B54FFF23B7FD}"
EndProject
Project("{FAE04EC0-301F-11D3-BF4B-00C04F79EFBC}") = "HideMethod", "HideMethod\HideMethod.csproj", "{E953D801-A7EA-4C0F-9CDA-C455FB526614}"
EndProject
Project("{FAE04EC0-301F-11D3-BF4B-00C04F79EFBC}") = "HybridInherit", "HybridInherit\HybridInherit.csproj", "{1D5CBCCD-39BD-4E70-B6DD-6BF829237B49}"
EndProject
Project("{FAE04EC0-301F-11D3-BF4B-00C04F79EFBC}") = "IImage", "IImage\IImage.csproj", "{84A374CF-2C75-497B-8361-DF13D96EFBBA}"
EndProject
Project("{FAE04EC0-301F-11D3-BF4B-00C04F79EFBC}") = "ArrayException", "ArrayException\ArrayException.csproj", "{4CCA280F-1DB4-45DF-B1E7-C900A663EF91}"
EndProject
Project("{FAE04EC0-301F-11D3-BF4B-00C04F79EFBC}") = "Delegates", "Delegates\Delegates.csproj", "{5D3C1108-7997-44DA-B317-4ACBED3A6011}"
EndProject
Global
	GlobalSection(SolutionConfigurationPlatforms) = preSolution
		Debug|Any CPU = Debug|Any CPU
		Release|Any CPU = Release|Any CPU
	EndGlobalSection
	GlobalSection(SolutionProperties) = preSolution
		HideSolutionNode = FALSE
	EndGlobalSection
	GlobalSection(ProjectConfigurationPlatforms) = postSolution
		{742EFECB-7493-4933-AA87-2CF208ACF2BC}.Debug|Any CPU.ActiveCfg = Debug|Any CPU
		{742EFECB-7493-4933-AA87-2CF208ACF2BC}.Debug|Any CPU.Build.0 = Debug|Any CPU
		{742EFECB-7493-4933-AA87-2CF208ACF2BC}.Release|Any CPU.ActiveCfg = Release|Any CPU
		{742EFECB-7493-4933-AA87-2CF208ACF2BC}.Release|Any CPU.Build.0 = Release|Any CPU
		{0EBBAA48-B41C-4609-88F7-A4441B081828}.Debug|Any CPU.ActiveCfg = Debug|Any CPU
		{0EBBAA48-B41C-4609-88F7-A4441B081828}.Debug|Any CPU.Build.0 = Debug|Any CPU
		{0EBBAA48-B41C-4609-88F7-A4441B081828}.Release|Any CPU.ActiveCfg = Release|Any CPU
		{0EBBAA48-B41C-4609-88F7-A4441B081828}.Release|Any CPU.Build.0 = Release|Any CPU
		{A708EBD3-8E1E-42BA-AD43-936B85EF5E68}.Debug|Any CPU.ActiveCfg = Debug|Any CPU
		{A708EBD3-8E1E-42BA-AD43-936B85EF5E68}.Debug|Any CPU.Build.0 = Debug|Any CPU
		{A708EBD3-8E1E-42BA-AD43-936B85EF5E68}.Release|Any CPU.ActiveCfg = Release|Any CPU
		{A708EBD3-8E1E-42BA-AD43-936B85EF5E68}.Release|Any CPU.Build.0 = Release|Any CPU
		{AFB8DD64-4E86-42B4-8DA6-03457A0A9024}.Debug|Any CPU.ActiveCfg = Debug|Any CPU
		{AFB8DD64-4E86-42B4-8DA6-03457A0A9024}.Debug|Any CPU.Build.0 = Debug|Any CPU
		{AFB8DD64-4E86-42B4-8DA6-03457A0A9024}.Release|Any CPU.ActiveCfg = Release|Any CPU
		{AFB8DD64-4E86-42B4-8DA6-03457A0A9024}.Release|Any CPU.Build.0 = Release|Any CPU
		{E4C87162-3E6D-400D-9794-DC8FC68E35B8}.Debug|Any CPU.ActiveCfg = Debug|Any CPU
		{E4C87162-3E6D-400D-9794-DC8FC68E35B8}.Debug|Any CPU.Build.0 = Debug|Any CPU
		{E4C87162-3E6D-400D-9794-DC8FC68E35B8}.Release|Any CPU.ActiveCfg = Release|Any CPU
		{E4C87162-3E6D-400D-9794-DC8FC68E35B8}.Release|Any CPU.Build.0 = Release|Any CPU
		{9D20C56D-0107-4FF6-8D29-00C51A99D07C}.Debug|Any CPU.ActiveCfg = Debug|Any CPU
		{9D20C56D-0107-4FF6-8D29-00C51A99D07C}.Debug|Any CPU.Build.0 = Debug|Any CPU
		{9D20C56D-0107-4FF6-8D29-00C51A99D07C}.Release|Any CPU.ActiveCfg = Release|Any CPU
		{9D20C56D-0107-4FF6-8D29-00C51A99D07C}.Release|Any CPU.Build.0 = Release|Any CPU
		{175526DB-1C02-4F47-A045-F1C7DDE2FA40}.Debug|Any CPU.ActiveCfg = Debug|Any CPU
		{175526DB-1C02-4F47-A045-F1C7DDE2FA40}.Debug|Any CPU.Build.0 = Debug|Any CPU
		{175526DB-1C02-4F47-A045-F1C7DDE2FA40}.Release|Any CPU.ActiveCfg = Release|Any CPU
		{175526DB-1C02-4F47-A045-F1C7DDE2FA40}.Release|Any CPU.Build.0 = Release|Any CPU
		{79FC996F-315A-4C04-93C7-74E8E0642C64}.Debug|Any CPU.ActiveCfg = Debug|Any CPU
		{79FC996F-315A-4C04-93C7-74E8E0642C64}.Debug|Any CPU.Build.0 = Debug|Any CPU
		{79FC996F-315A-4C04-93C7-74E8E0642C64}.Release|Any CPU.ActiveCfg = Release|Any CPU
		{79FC996F-315A-4C04-93C7-74E8E0642C64}.Release|Any CPU.Build.0 = Release|Any CPU
		{E41B1B59-DA96-4D23-B9CF-59E88F535DC5}.Debug|Any CPU.ActiveCfg = Debug|Any CPU
		{E41B1B59-DA96-4D23-B9CF-59E88F535DC5}.Debug|Any CPU.Build.0 = Debug|Any CPU
		{E41B1B59-DA96-4D23-B9CF-59E88F535DC5}.Release|Any CPU.ActiveCfg = Release|Any CPU
		{E41B1B59-DA96-4D23-B9CF-59E88F535DC5}.Release|Any CPU.Build.0 = Release|Any CPU
		{5575985E-76AC-4A7A-9D1F-C0B2D8580E2C}.Debug|Any CPU.ActiveCfg = Debug|Any CPU
		{5575985E-76AC-4A7A-9D1F-C0B2D8580E2C}.Debug|Any CPU.Build.0 = Debug|Any CPU
		{5575985E-76AC-4A7A-9D1F-C0B2D8580E2C}.Release|Any CPU.ActiveCfg = Release|Any CPU
		{5575985E-76AC-4A7A-9D1F-C0B2D8580E2C}.Release|Any CPU.Build.0 = Release|Any CPU
		{8E2E42ED-DE6F-4DA7-A621-AFBBCA8AC8AB}.Debug|Any CPU.ActiveCfg = Debug|Any CPU
		{8E2E42ED-DE6F-4DA7-A621-AFBBCA8AC8AB}.Debug|Any CPU.Build.0 = Debug|Any CPU
		{8E2E42ED-DE6F-4DA7-A621-AFBBCA8AC8AB}.Release|Any CPU.ActiveCfg = Release|Any CPU
		{8E2E42ED-DE6F-4DA7-A621-AFBBCA8AC8AB}.Release|Any CPU.Build.0 = Release|Any CPU
		{FC2B93D0-5A38-42BD-9B12-B54FFF23B7FD}.Debug|Any CPU.ActiveCfg = Debug|Any CPU
		{FC2B93D0-5A38-42BD-9B12-B54FFF23B7FD}.Debug|Any CPU.Build.0 = Debug|Any CPU
		{FC2B93D0-5A38-42BD-9B12-B54FFF23B7FD}.Release|Any CPU.ActiveCfg = Release|Any CPU
		{FC2B93D0-5A38-42BD-9B12-B54FFF23B7FD}.Release|Any CPU.Build.0 = Release|Any CPU
		{E953D801-A7EA-4C0F-9CDA-C455FB526614}.Debug|Any CPU.ActiveCfg = Debug|Any CPU
		{E953D801-A7EA-4C0F-9CDA-C455FB526614}.Debug|Any CPU.Build.0 = Debug|Any CPU
		{E953D801-A7EA-4C0F-9CDA-C455FB526614}.Release|Any CPU.ActiveCfg = Release|Any CPU
		{E953D801-A7EA-4C0F-9CDA-C455FB526614}.Release|Any CPU.Build.0 = Release|Any CPU
		{1D5CBCCD-39BD-4E70-B6DD-6BF829237B49}.Debug|Any CPU.ActiveCfg = Debug|Any CPU
		{1D5CBCCD-39BD-4E70-B6DD-6BF829237B49}.Debug|Any CPU.Build.0 = Debug|Any CPU
		{1D5CBCCD-39BD-4E70-B6DD-6BF829237B49}.Release|Any CPU.ActiveCfg = Release|Any CPU
		{1D5CBCCD-39BD-4E70-B6DD-6BF829237B49}.Release|Any CPU.Build.0 = Release|Any CPU
		{F17C3A22-A972-4423-B36E-85DADAA6B463}.Debug|Any CPU.ActiveCfg = Debug|Any CPU
		{F17C3A22-A972-4423-B36E-85DADAA6B463}.Debug|Any CPU.Build.0 = Debug|Any CPU
		{F17C3A22-A972-4423-B36E-85DADAA6B463}.Release|Any CPU.ActiveCfg = Release|Any CPU
		{F17C3A22-A972-4423-B36E-85DADAA6B463}.Release|Any CPU.Build.0 = Release|Any CPU
		{84A374CF-2C75-497B-8361-DF13D96EFBBA}.Debug|Any CPU.ActiveCfg = Debug|Any CPU
		{84A374CF-2C75-497B-8361-DF13D96EFBBA}.Debug|Any CPU.Build.0 = Debug|Any CPU
		{84A374CF-2C75-497B-8361-DF13D96EFBBA}.Release|Any CPU.ActiveCfg = Release|Any CPU
		{84A374CF-2C75-497B-8361-DF13D96EFBBA}.Release|Any CPU.Build.0 = Release|Any CPU
		{4CCA280F-1DB4-45DF-B1E7-C900A663EF91}.Debug|Any CPU.ActiveCfg = Debug|Any CPU
		{4CCA280F-1DB4-45DF-B1E7-C900A663EF91}.Debug|Any CPU.Build.0 = Debug|Any CPU
		{4CCA280F-1DB4-45DF-B1E7-C900A663EF91}.Release|Any CPU.ActiveCfg = Release|Any CPU
		{4CCA280F-1DB4-45DF-B1E7-C900A663EF91}.Release|Any CPU.Build.0 = Release|Any CPU
		{5D3C1108-7997-44DA-B317-4ACBED3A6011}.Debug|Any CPU.ActiveCfg = Debug|Any CPU
		{5D3C1108-7997-44DA-B317-4ACBED3A6011}.Debug|Any CPU.Build.0 = Debug|Any CPU
		{5D3C1108-7997-44DA-B317-4ACBED3A6011}.Release|Any CPU.ActiveCfg = Release|Any CPU
		{5D3C1108-7997-44DA-B317-4ACBED3A6011}.Release|Any CPU.Build.0 = Release|Any CPU
	EndGlobalSection
EndGlobal
