Microsoft Visual Studio Solution File, Format Version 12.00
# Visual Studio Version 17
VisualStudioVersion = 17.5.2.0
MinimumVisualStudioVersion = 10.0.40219.1
Project("{FAE04EC0-301F-11D3-BF4B-00C04F79EFBC}") = "EquipmentRent", "EquipmentRent.csproj", "{88AF3097-947B-1D98-92C5-B784B1AB1337}"
EndProject
Global
	GlobalSection(SolutionConfigurationPlatforms) = preSolution
		Debug|Any CPU = Debug|Any CPU
		Release|Any CPU = Release|Any CPU
	EndGlobalSection
	GlobalSection(ProjectConfigurationPlatforms) = postSolution
		{88AF3097-947B-1D98-92C5-B784B1AB1337}.Debug|Any CPU.ActiveCfg = Debug|Any CPU
		{88AF3097-947B-1D98-92C5-B784B1AB1337}.Debug|Any CPU.Build.0 = Debug|Any CPU
		{88AF3097-947B-1D98-92C5-B784B1AB1337}.Release|Any CPU.ActiveCfg = Release|Any CPU
		{88AF3097-947B-1D98-92C5-B784B1AB1337}.Release|Any CPU.Build.0 = Release|Any CPU
	EndGlobalSection
	GlobalSection(SolutionProperties) = preSolution
		HideSolutionNode = FALSE
	EndGlobalSection
	GlobalSection(ExtensibilityGlobals) = postSolution
		SolutionGuid = {6775B53D-2ED7-4781-AAA8-D566754430B2}
	EndGlobalSection
EndGlobal
