
Microsoft Visual Studio Solution File, Format Version 12.00
# Visual Studio Version 17
VisualStudioVersion = 17.14.36221.1
MinimumVisualStudioVersion = 10.0.40219.1
Project("{FAE04EC0-301F-11D3-BF4B-00C04F79EFBC}") = "ReviewServices", "CatalogServices\ReviewServices.csproj", "{3D2400EF-592B-4683-BFDA-00950D0C0D28}"
EndProject
Global
	GlobalSection(SolutionConfigurationPlatforms) = preSolution
		Debug|Any CPU = Debug|Any CPU
		Release|Any CPU = Release|Any CPU
	EndGlobalSection
	GlobalSection(ProjectConfigurationPlatforms) = postSolution
		{3D2400EF-592B-4683-BFDA-00950D0C0D28}.Debug|Any CPU.ActiveCfg = Debug|Any CPU
		{3D2400EF-592B-4683-BFDA-00950D0C0D28}.Debug|Any CPU.Build.0 = Debug|Any CPU
		{3D2400EF-592B-4683-BFDA-00950D0C0D28}.Release|Any CPU.ActiveCfg = Release|Any CPU
		{3D2400EF-592B-4683-BFDA-00950D0C0D28}.Release|Any CPU.Build.0 = Release|Any CPU
	EndGlobalSection
	GlobalSection(SolutionProperties) = preSolution
		HideSolutionNode = FALSE
	EndGlobalSection
	GlobalSection(ExtensibilityGlobals) = postSolution
		SolutionGuid = {BB3760B2-6CAD-4549-A8A7-FF997BF54ACE}
	EndGlobalSection
EndGlobal
