Microsoft Visual Studio Solution File, Format Version 12.00
# Visual Studio Version 17
VisualStudioVersion = 17.5.2.0
MinimumVisualStudioVersion = 10.0.40219.1
Project("{FAE04EC0-301F-11D3-BF4B-00C04F79EFBC}") = "SkillTransferApp", "SkillTransferApp.csproj", "{CD5A00AC-3F1A-8E3A-A45C-6EEA4DDB2A19}"
EndProject
Global
	GlobalSection(SolutionConfigurationPlatforms) = preSolution
		Debug|Any CPU = Debug|Any CPU
		Release|Any CPU = Release|Any CPU
	EndGlobalSection
	GlobalSection(ProjectConfigurationPlatforms) = postSolution
		{CD5A00AC-3F1A-8E3A-A45C-6EEA4DDB2A19}.Debug|Any CPU.ActiveCfg = Debug|Any CPU
		{CD5A00AC-3F1A-8E3A-A45C-6EEA4DDB2A19}.Debug|Any CPU.Build.0 = Debug|Any CPU
		{CD5A00AC-3F1A-8E3A-A45C-6EEA4DDB2A19}.Release|Any CPU.ActiveCfg = Release|Any CPU
		{CD5A00AC-3F1A-8E3A-A45C-6EEA4DDB2A19}.Release|Any CPU.Build.0 = Release|Any CPU
	EndGlobalSection
	GlobalSection(SolutionProperties) = preSolution
		HideSolutionNode = FALSE
	EndGlobalSection
	GlobalSection(ExtensibilityGlobals) = postSolution
		SolutionGuid = {DF46CAF4-E580-4F49-9211-D15188F29333}
	EndGlobalSection
EndGlobal
