
Microsoft Visual Studio Solution File, Format Version 12.00
# Visual Studio Version 17
VisualStudioVersion = 17.14.36221.1 d17.14
MinimumVisualStudioVersion = 10.0.40219.1
Project("{FAE04EC0-301F-11D3-BF4B-00C04F79EFBC}") = "DemoRazor", "DemoRazor\DemoRazor.csproj", "{70B282BC-03F0-4CCB-95C6-4CF3AB38BB82}"
EndProject
Global
	GlobalSection(SolutionConfigurationPlatforms) = preSolution
		Debug|Any CPU = Debug|Any CPU
		Release|Any CPU = Release|Any CPU
	EndGlobalSection
	GlobalSection(ProjectConfigurationPlatforms) = postSolution
		{70B282BC-03F0-4CCB-95C6-4CF3AB38BB82}.Debug|Any CPU.ActiveCfg = Debug|Any CPU
		{70B282BC-03F0-4CCB-95C6-4CF3AB38BB82}.Debug|Any CPU.Build.0 = Debug|Any CPU
		{70B282BC-03F0-4CCB-95C6-4CF3AB38BB82}.Release|Any CPU.ActiveCfg = Release|Any CPU
		{70B282BC-03F0-4CCB-95C6-4CF3AB38BB82}.Release|Any CPU.Build.0 = Release|Any CPU
	EndGlobalSection
	GlobalSection(SolutionProperties) = preSolution
		HideSolutionNode = FALSE
	EndGlobalSection
	GlobalSection(ExtensibilityGlobals) = postSolution
		SolutionGuid = {61F14FC5-B1ED-4D9A-A885-EDB7BD635274}
	EndGlobalSection
EndGlobal
