
Microsoft Visual Studio Solution File, Format Version 12.00
# Visual Studio Version 17
VisualStudioVersion = 17.14.36221.1 d17.14
MinimumVisualStudioVersion = 10.0.40219.1
Project("{FAE04EC0-301F-11D3-BF4B-00C04F79EFBC}") = "StudentAPI", "StudentAPI\StudentAPI.csproj", "{0216FFBE-8EFB-4CC2-8D39-57EE82ED5CD7}"
EndProject
Project("{FAE04EC0-301F-11D3-BF4B-00C04F79EFBC}") = "Gateway", "Gateway\Gateway.csproj", "{094C85E3-3CD0-4EF2-8919-21670BF4B44A}"
EndProject
Project("{54A90642-561A-4BB1-A94E-469ADEE60C69}") = "student_frontend", "Student_FrontEnd\student_frontend.esproj", "{D947BA93-C7FC-2B07-2A9B-CC05EE84FFC5}"
EndProject
Global
	GlobalSection(SolutionConfigurationPlatforms) = preSolution
		Debug|Any CPU = Debug|Any CPU
		Release|Any CPU = Release|Any CPU
	EndGlobalSection
	GlobalSection(ProjectConfigurationPlatforms) = postSolution
		{0216FFBE-8EFB-4CC2-8D39-57EE82ED5CD7}.Debug|Any CPU.ActiveCfg = Debug|Any CPU
		{0216FFBE-8EFB-4CC2-8D39-57EE82ED5CD7}.Debug|Any CPU.Build.0 = Debug|Any CPU
		{0216FFBE-8EFB-4CC2-8D39-57EE82ED5CD7}.Release|Any CPU.ActiveCfg = Release|Any CPU
		{0216FFBE-8EFB-4CC2-8D39-57EE82ED5CD7}.Release|Any CPU.Build.0 = Release|Any CPU
		{094C85E3-3CD0-4EF2-8919-21670BF4B44A}.Debug|Any CPU.ActiveCfg = Debug|Any CPU
		{094C85E3-3CD0-4EF2-8919-21670BF4B44A}.Debug|Any CPU.Build.0 = Debug|Any CPU
		{094C85E3-3CD0-4EF2-8919-21670BF4B44A}.Release|Any CPU.ActiveCfg = Release|Any CPU
		{094C85E3-3CD0-4EF2-8919-21670BF4B44A}.Release|Any CPU.Build.0 = Release|Any CPU
		{D947BA93-C7FC-2B07-2A9B-CC05EE84FFC5}.Debug|Any CPU.ActiveCfg = Debug|Any CPU
		{D947BA93-C7FC-2B07-2A9B-CC05EE84FFC5}.Debug|Any CPU.Build.0 = Debug|Any CPU
		{D947BA93-C7FC-2B07-2A9B-CC05EE84FFC5}.Debug|Any CPU.Deploy.0 = Debug|Any CPU
		{D947BA93-C7FC-2B07-2A9B-CC05EE84FFC5}.Release|Any CPU.ActiveCfg = Release|Any CPU
		{D947BA93-C7FC-2B07-2A9B-CC05EE84FFC5}.Release|Any CPU.Build.0 = Release|Any CPU
		{D947BA93-C7FC-2B07-2A9B-CC05EE84FFC5}.Release|Any CPU.Deploy.0 = Release|Any CPU
	EndGlobalSection
	GlobalSection(SolutionProperties) = preSolution
		HideSolutionNode = FALSE
	EndGlobalSection
	GlobalSection(ExtensibilityGlobals) = postSolution
		SolutionGuid = {229FF9A4-E390-4977-8408-665435426E62}
	EndGlobalSection
EndGlobal
